
Microsoft Visual Studio Solution File, Format Version 12.00
# Visual Studio Version 17
VisualStudioVersion = 17.2.32630.192
MinimumVisualStudioVersion = 10.0.40219.1
Project("{FAE04EC0-301F-11D3-BF4B-00C04F79EFBC}") = "AgerDeviceAPI", "AgerDeviceAPI.csproj", "{21E1126C-EEE9-4560-9D56-029C0B31F462}"
EndProject
Project("{FAE04EC0-301F-11D3-BF4B-00C04F79EFBC}") = "AgerDevice", "..\AgerDevice\AgerDevice.csproj", "{BB4C7F61-EECB-48E4-AC5A-906C3709EF0D}"
EndProject
Global
	GlobalSection(SolutionConfigurationPlatforms) = preSolution
		Debug|Any CPU = Debug|Any CPU
		Release|Any CPU = Release|Any CPU
	EndGlobalSection
	GlobalSection(ProjectConfigurationPlatforms) = postSolution
		{21E1126C-EEE9-4560-9D56-029C0B31F462}.Debug|Any CPU.ActiveCfg = Debug|Any CPU
		{21E1126C-EEE9-4560-9D56-029C0B31F462}.Debug|Any CPU.Build.0 = Debug|Any CPU
		{21E1126C-EEE9-4560-9D56-029C0B31F462}.Release|Any CPU.ActiveCfg = Release|Any CPU
		{21E1126C-EEE9-4560-9D56-029C0B31F462}.Release|Any CPU.Build.0 = Release|Any CPU
		{BB4C7F61-EECB-48E4-AC5A-906C3709EF0D}.Debug|Any CPU.ActiveCfg = Debug|Any CPU
		{BB4C7F61-EECB-48E4-AC5A-906C3709EF0D}.Debug|Any CPU.Build.0 = Debug|Any CPU
		{BB4C7F61-EECB-48E4-AC5A-906C3709EF0D}.Release|Any CPU.ActiveCfg = Release|Any CPU
		{BB4C7F61-EECB-48E4-AC5A-906C3709EF0D}.Release|Any CPU.Build.0 = Release|Any CPU
	EndGlobalSection
	GlobalSection(SolutionProperties) = preSolution
		HideSolutionNode = FALSE
	EndGlobalSection
	GlobalSection(ExtensibilityGlobals) = postSolution
		SolutionGuid = {2366BC57-550E-4E6D-803A-177795A7E3A3}
	EndGlobalSection
EndGlobal
